<?xml version="1.0" encoding="utf-8"?>
<Project ToolsVersion="4.0" xmlns="http://schemas.microsoft.com/developer/msbuild/2003">
  <ItemGroup>
    <Filter Include="Source Files">
      <UniqueIdentifier>{4FC737F1-C7A5-4376-A066-2A32D752A2FF}</UniqueIdentifier>
      <Extensions>cpp;c;cc;cxx;c++;cppm;ixx;def;odl;idl;hpj;bat;asm;asmx</Extensions>
    </Filter>
    <Filter Include="Header Files">
      <UniqueIdentifier>{93995380-89BD-4b04-88EB-625FBE52EBFB}</UniqueIdentifier>
      <Extensions>h;hh;hpp;hxx;h++;hm;inl;inc;ipp;xsd</Extensions>
    </Filter>
    <Filter Include="Resource Files">
      <UniqueIdentifier>{67DA6AB6-F800-4c08-8B7A-83BB121AAD01}</UniqueIdentifier>
      <Extensions>rc;ico;cur;bmp;dlg;rc2;rct;bin;rgs;gif;jpg;jpeg;jpe;resx;tiff;tif;png;wav;mfcribbon-ms</Extensions>
    </Filter>
  </ItemGroup>
  <ItemGroup>
    <ClCompile Include="InheritanceProject.cpp">
      <Filter>Source Files</Filter>
    </ClCompile>
    <ClCompile Include="LivingThing.cpp">
      <Filter>Source Files</Filter>
    </ClCompile>
    <ClCompile Include="Fungi.cpp">
      <Filter>Source Files</Filter>
    </ClCompile>
    <ClCompile Include="Basidiomycetes.cpp">
      <Filter>Source Files</Filter>
    </ClCompile>
    <ClCompile Include="Ascomycetes.cpp">
      <Filter>Source Files</Filter>
    </ClCompile>
    <ClCompile Include="Asycomycota.cpp">
      <Filter>Source Files</Filter>
    </ClCompile>
    <ClCompile Include="Saccharomycotina.cpp">
      <Filter>Source Files</Filter>
    </ClCompile>
    <ClCompile Include="Taphrinomycotina.cpp">
      <Filter>Source Files</Filter>
    </ClCompile>
    <ClCompile Include="Mushroom.cpp">
      <Filter>Source Files</Filter>
    </ClCompile>
    <ClCompile Include="Coral.cpp">
      <Filter>Source Files</Filter>
    </ClCompile>
    <ClCompile Include="Crusts.cpp">
      <Filter>Source Files</Filter>
    </ClCompile>
    <ClCompile Include="Plant.cpp">
      <Filter>Source Files</Filter>
    </ClCompile>
    <ClCompile Include="Equiseta.cpp">
      <Filter>Source Files</Filter>
    </ClCompile>
    <ClCompile Include="Field_Horsetail.cpp">
      <Filter>Source Files</Filter>
    </ClCompile>
    <ClCompile Include="Dwarf_Scouring_Rush.cpp">
      <Filter>Source Files</Filter>
    </ClCompile>
    <ClCompile Include="Wood_Horsetail.cpp">
      <Filter>Source Files</Filter>
    </ClCompile>
    <ClCompile Include="Lycopodia.cpp">
      <Filter>Source Files</Filter>
    </ClCompile>
    <ClCompile Include="StagsHorn_Clubmoss.cpp">
      <Filter>Source Files</Filter>
    </ClCompile>
    <ClCompile Include="Fan_Clubmoss.cpp">
      <Filter>Source Files</Filter>
    </ClCompile>
    <ClCompile Include="Huperzia_Selago.cpp">
      <Filter>Source Files</Filter>
    </ClCompile>
    <ClCompile Include="Gymnosperms.cpp">
      <Filter>Source Files</Filter>
    </ClCompile>
    <ClCompile Include="Sago_Palm.cpp">
      <Filter>Source Files</Filter>
    </ClCompile>
    <ClCompile Include="English_Yew.cpp">
      <Filter>Source Files</Filter>
    </ClCompile>
    <ClCompile Include="Blue_Spruce.cpp">
      <Filter>Source Files</Filter>
    </ClCompile>
    <ClCompile Include="Angiosperms.cpp">
      <Filter>Source Files</Filter>
    </ClCompile>
    <ClCompile Include="Maize.cpp">
      <Filter>Source Files</Filter>
    </ClCompile>
    <ClCompile Include="Tomato.cpp">
      <Filter>Source Files</Filter>
    </ClCompile>
    <ClCompile Include="Peach.cpp">
      <Filter>Source Files</Filter>
    </ClCompile>
    <ClCompile Include="Ferns.cpp">
      <Filter>Source Files</Filter>
    </ClCompile>
    <ClCompile Include="Lady_Fern.cpp">
      <Filter>Source Files</Filter>
    </ClCompile>
    <ClCompile Include="Eagle_Fern.cpp">
      <Filter>Source Files</Filter>
    </ClCompile>
    <ClCompile Include="Ostrich_Fern.cpp">
      <Filter>Source Files</Filter>
    </ClCompile>
    <ClCompile Include="Mosses.cpp">
      <Filter>Source Files</Filter>
    </ClCompile>
    <ClCompile Include="Pincushion_Moss.cpp">
      <Filter>Source Files</Filter>
    </ClCompile>
    <ClCompile Include="Silvery_Bryum.cpp">
      <Filter>Source Files</Filter>
    </ClCompile>
    <ClCompile Include="Juniper_Haircap_Moss.cpp">
      <Filter>Source Files</Filter>
    </ClCompile>
    <ClCompile Include="Animal.cpp">
      <Filter>Source Files</Filter>
    </ClCompile>
    <ClCompile Include="Porifera.cpp">
      <Filter>Source Files</Filter>
    </ClCompile>
    <ClCompile Include="Demosponge.cpp">
      <Filter>Source Files</Filter>
    </ClCompile>
    <ClCompile Include="Axinella.cpp">
      <Filter>Source Files</Filter>
    </ClCompile>
    <ClCompile Include="Giant_Barrel_Sponge.cpp">
      <Filter>Source Files</Filter>
    </ClCompile>
    <ClCompile Include="Cnidaria.cpp">
      <Filter>Source Files</Filter>
    </ClCompile>
    <ClCompile Include="Box_Jellyfish.cpp">
      <Filter>Source Files</Filter>
    </ClCompile>
    <ClCompile Include="Sea_Pen.cpp">
      <Filter>Source Files</Filter>
    </ClCompile>
    <ClCompile Include="Moon_Jelly.cpp">
      <Filter>Source Files</Filter>
    </ClCompile>
    <ClCompile Include="Platyhelminthes.cpp">
      <Filter>Source Files</Filter>
    </ClCompile>
    <ClCompile Include="Turbellaria.cpp">
      <Filter>Source Files</Filter>
    </ClCompile>
    <ClCompile Include="Echinococcus.cpp">
      <Filter>Source Files</Filter>
    </ClCompile>
    <ClCompile Include="Paragonimus.cpp">
      <Filter>Source Files</Filter>
    </ClCompile>
    <ClCompile Include="Molluscs.cpp">
      <Filter>Source Files</Filter>
    </ClCompile>
    <ClCompile Include="Chitons.cpp">
      <Filter>Source Files</Filter>
    </ClCompile>
    <ClCompile Include="Octopus.cpp">
      <Filter>Source Files</Filter>
    </ClCompile>
    <ClCompile Include="New_Zealand_Mud_Snail.cpp">
      <Filter>Source Files</Filter>
    </ClCompile>
  </ItemGroup>
  <ItemGroup>
    <ClInclude Include="LivingThing.h">
      <Filter>Header Files</Filter>
    </ClInclude>
    <ClInclude Include="Fungi.h">
      <Filter>Header Files</Filter>
    </ClInclude>
    <ClInclude Include="Basidiomycetes.h">
      <Filter>Header Files</Filter>
    </ClInclude>
    <ClInclude Include="Ascomycetes.h">
      <Filter>Header Files</Filter>
    </ClInclude>
    <ClInclude Include="Asycomycota.h">
      <Filter>Header Files</Filter>
    </ClInclude>
    <ClInclude Include="Saccharomycotina.h">
      <Filter>Header Files</Filter>
    </ClInclude>
    <ClInclude Include="Taphrinomycotina.h">
      <Filter>Header Files</Filter>
    </ClInclude>
    <ClInclude Include="Mushroom.h">
      <Filter>Header Files</Filter>
    </ClInclude>
    <ClInclude Include="Coral.h">
      <Filter>Header Files</Filter>
    </ClInclude>
    <ClInclude Include="Crusts.h">
      <Filter>Header Files</Filter>
    </ClInclude>
    <ClInclude Include="Plant.h">
      <Filter>Header Files</Filter>
    </ClInclude>
    <ClInclude Include="Equiseta.h">
      <Filter>Header Files</Filter>
    </ClInclude>
    <ClInclude Include="Field_Horsetail.h">
      <Filter>Header Files</Filter>
    </ClInclude>
    <ClInclude Include="Dwarf_Scouring_Rush.h">
      <Filter>Header Files</Filter>
    </ClInclude>
    <ClInclude Include="Wood_Horsetail.h">
      <Filter>Header Files</Filter>
    </ClInclude>
    <ClInclude Include="Lycopodia.h">
      <Filter>Header Files</Filter>
    </ClInclude>
    <ClInclude Include="StagsHorn_Clubmoss.h">
      <Filter>Header Files</Filter>
    </ClInclude>
    <ClInclude Include="Fan_Clubmoss.h">
      <Filter>Header Files</Filter>
    </ClInclude>
    <ClInclude Include="Huperzia_Selago.h">
      <Filter>Header Files</Filter>
    </ClInclude>
    <ClInclude Include="Gymnosperms.h">
      <Filter>Header Files</Filter>
    </ClInclude>
    <ClInclude Include="Sago_Palm.h">
      <Filter>Header Files</Filter>
    </ClInclude>
    <ClInclude Include="English_Yew.h">
      <Filter>Header Files</Filter>
    </ClInclude>
    <ClInclude Include="Blue_Spruce.h">
      <Filter>Header Files</Filter>
    </ClInclude>
    <ClInclude Include="Angiosperms.h">
      <Filter>Header Files</Filter>
    </ClInclude>
    <ClInclude Include="Maize.h">
      <Filter>Header Files</Filter>
    </ClInclude>
    <ClInclude Include="Tomato.h">
      <Filter>Header Files</Filter>
    </ClInclude>
    <ClInclude Include="Peach.h">
      <Filter>Header Files</Filter>
    </ClInclude>
    <ClInclude Include="Ferns.h">
      <Filter>Header Files</Filter>
    </ClInclude>
    <ClInclude Include="Lady_Fern.h">
      <Filter>Header Files</Filter>
    </ClInclude>
    <ClInclude Include="Eagle_Fern.h">
      <Filter>Header Files</Filter>
    </ClInclude>
    <ClInclude Include="Ostrich_Fern.h">
      <Filter>Header Files</Filter>
    </ClInclude>
    <ClInclude Include="Mosses.h">
      <Filter>Header Files</Filter>
    </ClInclude>
    <ClInclude Include="Pincushion_Moss.h">
      <Filter>Header Files</Filter>
    </ClInclude>
    <ClInclude Include="Silvery_Bryum.h">
      <Filter>Header Files</Filter>
    </ClInclude>
    <ClInclude Include="Juniper_Haircap_Moss.h">
      <Filter>Header Files</Filter>
    </ClInclude>
    <ClInclude Include="Animal.h">
      <Filter>Header Files</Filter>
    </ClInclude>
    <ClInclude Include="Porifera.h">
      <Filter>Header Files</Filter>
    </ClInclude>
    <ClInclude Include="Demosponge.h">
      <Filter>Header Files</Filter>
    </ClInclude>
    <ClInclude Include="Axinella.h">
      <Filter>Header Files</Filter>
    </ClInclude>
    <ClInclude Include="Giant_Barrel_Sponge.h">
      <Filter>Header Files</Filter>
    </ClInclude>
    <ClInclude Include="Cnidaria.h">
      <Filter>Header Files</Filter>
    </ClInclude>
    <ClInclude Include="Box_Jellyfish.h">
      <Filter>Header Files</Filter>
    </ClInclude>
    <ClInclude Include="Sea_Pen.h">
      <Filter>Header Files</Filter>
    </ClInclude>
    <ClInclude Include="Moon_Jelly.h">
      <Filter>Header Files</Filter>
    </ClInclude>
    <ClInclude Include="Platyhelminthes.h">
      <Filter>Header Files</Filter>
    </ClInclude>
    <ClInclude Include="Turbellaria.h">
      <Filter>Header Files</Filter>
    </ClInclude>
    <ClInclude Include="Echinococcus.h">
      <Filter>Header Files</Filter>
    </ClInclude>
    <ClInclude Include="Paragonimus.h">
      <Filter>Header Files</Filter>
    </ClInclude>
    <ClInclude Include="Molluscs.h">
      <Filter>Header Files</Filter>
    </ClInclude>
    <ClInclude Include="Chitons.h">
      <Filter>Header Files</Filter>
    </ClInclude>
    <ClInclude Include="Octopus.h">
      <Filter>Header Files</Filter>
    </ClInclude>
    <ClInclude Include="New_Zealand_Mud_Snail.h">
      <Filter>Header Files</Filter>
    </ClInclude>
  </ItemGroup>
</Project>