<?xml version="1.0" encoding="utf-8"?>
<Project ToolsVersion="4.0" xmlns="http://schemas.microsoft.com/developer/msbuild/2003">
  <ItemGroup>
    <Filter Include="Source Files">
      <UniqueIdentifier>{4FC737F1-C7A5-4376-A066-2A32D752A2FF}</UniqueIdentifier>
      <Extensions>cpp;c;cc;cxx;c++;cppm;ixx;def;odl;idl;hpj;bat;asm;asmx</Extensions>
    </Filter>
    <Filter Include="Header Files">
      <UniqueIdentifier>{93995380-89BD-4b04-88EB-625FBE52EBFB}</UniqueIdentifier>
      <Extensions>h;hh;hpp;hxx;h++;hm;inl;inc;ipp;xsd</Extensions>
    </Filter>
    <Filter Include="Resource Files">
      <UniqueIdentifier>{67DA6AB6-F800-4c08-8B7A-83BB121AAD01}</UniqueIdentifier>
      <Extensions>rc;ico;cur;bmp;dlg;rc2;rct;bin;rgs;gif;jpg;jpeg;jpe;resx;tiff;tif;png;wav;mfcribbon-ms</Extensions>
    </Filter>
  </ItemGroup>
  <ItemGroup>
    <ClCompile Include="InheritanceProject.cpp">
      <Filter>Source Files</Filter>
    </ClCompile>
    <ClCompile Include="LivingThing.cpp">
      <Filter>Source Files</Filter>
    </ClCompile>
    <ClCompile Include="Fungi.cpp">
      <Filter>Source Files</Filter>
    </ClCompile>
    <ClCompile Include="Basidiomycetes.cpp">
      <Filter>Source Files</Filter>
    </ClCompile>
    <ClCompile Include="Ascomycetes.cpp">
      <Filter>Source Files</Filter>
    </ClCompile>
    <ClCompile Include="Asycomycota.cpp">
      <Filter>Source Files</Filter>
    </ClCompile>
    <ClCompile Include="Saccharomycotina.cpp">
      <Filter>Source Files</Filter>
    </ClCompile>
    <ClCompile Include="Taphrinomycotina.cpp">
      <Filter>Source Files</Filter>
    </ClCompile>
    <ClCompile Include="Mushroom.cpp">
      <Filter>Source Files</Filter>
    </ClCompile>
    <ClCompile Include="Coral.cpp">
      <Filter>Source Files</Filter>
    </ClCompile>
    <ClCompile Include="Crusts.cpp">
      <Filter>Source Files</Filter>
    </ClCompile>
    <ClCompile Include="Plant.cpp">
      <Filter>Source Files</Filter>
    </ClCompile>
    <ClCompile Include="Equiseta.cpp">
      <Filter>Source Files</Filter>
    </ClCompile>
    <ClCompile Include="Field_Horsetail.cpp">
      <Filter>Source Files</Filter>
    </ClCompile>
    <ClCompile Include="Dwarf_Scouring_Rush.cpp">
      <Filter>Source Files</Filter>
    </ClCompile>
    <ClCompile Include="Wood_Horsetail.cpp">
      <Filter>Source Files</Filter>
    </ClCompile>
    <ClCompile Include="Lycopodia.cpp">
      <Filter>Source Files</Filter>
    </ClCompile>
    <ClCompile Include="StagsHorn_Clubmoss.cpp">
      <Filter>Source Files</Filter>
    </ClCompile>
    <ClCompile Include="Fan_Clubmoss.cpp">
      <Filter>Source Files</Filter>
    </ClCompile>
    <ClCompile Include="Huperzia_Selago.cpp">
      <Filter>Source Files</Filter>
    </ClCompile>
    <ClCompile Include="Gymnosperms.cpp">
      <Filter>Source Files</Filter>
    </ClCompile>
    <ClCompile Include="Sago_Palm.cpp">
      <Filter>Source Files</Filter>
    </ClCompile>
    <ClCompile Include="English_Yew.cpp">
      <Filter>Source Files</Filter>
    </ClCompile>
    <ClCompile Include="Blue_Spruce.cpp">
      <Filter>Source Files</Filter>
    </ClCompile>
    <ClCompile Include="Angiosperms.cpp">
      <Filter>Source Files</Filter>
    </ClCompile>
    <ClCompile Include="Maize.cpp">
      <Filter>Source Files</Filter>
    </ClCompile>
    <ClCompile Include="Tomato.cpp">
      <Filter>Source Files</Filter>
    </ClCompile>
    <ClCompile Include="Peach.cpp">
      <Filter>Source Files</Filter>
    </ClCompile>
    <ClCompile Include="Ferns.cpp">
      <Filter>Source Files</Filter>
    </ClCompile>
    <ClCompile Include="Lady_Fern.cpp">
      <Filter>Source Files</Filter>
    </ClCompile>
    <ClCompile Include="Eagle_Fern.cpp">
      <Filter>Source Files</Filter>
    </ClCompile>
    <ClCompile Include="Ostrich_Fern.cpp">
      <Filter>Source Files</Filter>
    </ClCompile>
    <ClCompile Include="Mosses.cpp">
      <Filter>Source Files</Filter>
    </ClCompile>
    <ClCompile Include="Pincushion_Moss.cpp">
      <Filter>Source Files</Filter>
    </ClCompile>
    <ClCompile Include="Silvery_Bryum.cpp">
      <Filter>Source Files</Filter>
    </ClCompile>
    <ClCompile Include="Juniper_Haircap_Moss.cpp">
      <Filter>Source Files</Filter>
    </ClCompile>
    <ClCompile Include="Animal.cpp">
      <Filter>Source Files</Filter>
    </ClCompile>
    <ClCompile Include="Porifera.cpp">
      <Filter>Source Files</Filter>
    </ClCompile>
    <ClCompile Include="Demosponge.cpp">
      <Filter>Source Files</Filter>
    </ClCompile>
    <ClCompile Include="Axinella.cpp">
      <Filter>Source Files</Filter>
    </ClCompile>
    <ClCompile Include="Giant_Barrel_Sponge.cpp">
      <Filter>Source Files</Filter>
    </ClCompile>
    <ClCompile Include="Cnidaria.cpp">
      <Filter>Source Files</Filter>
    </ClCompile>
    <ClCompile Include="Box_Jellyfish.cpp">
      <Filter>Source Files</Filter>
    </ClCompile>
    <ClCompile Include="Sea_Pen.cpp">
      <Filter>Source Files</Filter>
    </ClCompile>
    <ClCompile Include="Moon_Jelly.cpp">
      <Filter>Source Files</Filter>
    </ClCompile>
    <ClCompile Include="Platyhelminthes.cpp">
      <Filter>Source Files</Filter>
    </ClCompile>
    <ClCompile Include="Turbellaria.cpp">
      <Filter>Source Files</Filter>
    </ClCompile>
    <ClCompile Include="Echinococcus.cpp">
      <Filter>Source Files</Filter>
    </ClCompile>
    <ClCompile Include="Paragonimus.cpp">
      <Filter>Source Files</Filter>
    </ClCompile>
    <ClCompile Include="Molluscs.cpp">
      <Filter>Source Files</Filter>
    </ClCompile>
    <ClCompile Include="Chitons.cpp">
      <Filter>Source Files</Filter>
    </ClCompile>
    <ClCompile Include="Octopus.cpp">
      <Filter>Source Files</Filter>
    </ClCompile>
    <ClCompile Include="New_Zealand_Mud_Snail.cpp">
      <Filter>Source Files</Filter>
    </ClCompile>
    <ClCompile Include="Annelids.cpp">
      <Filter>Source Files</Filter>
    </ClCompile>
    <ClCompile Include="Clitellata.cpp">
      <Filter>Source Files</Filter>
    </ClCompile>
    <ClCompile Include="Nereididae.cpp">
      <Filter>Source Files</Filter>
    </ClCompile>
    <ClCompile Include="Medicinal_Leech.cpp">
      <Filter>Source Files</Filter>
    </ClCompile>
    <ClCompile Include="Echinoderms.cpp">
      <Filter>Source Files</Filter>
    </ClCompile>
    <ClCompile Include="Giant_Sea_Star.cpp">
      <Filter>Source Files</Filter>
    </ClCompile>
    <ClCompile Include="Red_Sea_Urchin.cpp">
      <Filter>Source Files</Filter>
    </ClCompile>
    <ClCompile Include="Blue_Sea_Star.cpp">
      <Filter>Source Files</Filter>
    </ClCompile>
    <ClCompile Include="Insects.cpp">
      <Filter>Source Files</Filter>
    </ClCompile>
    <ClCompile Include="Fruit_Fly.cpp">
      <Filter>Source Files</Filter>
    </ClCompile>
    <ClCompile Include="Housefly.cpp">
      <Filter>Source Files</Filter>
    </ClCompile>
    <ClCompile Include="Western_Honey_Bee.cpp">
      <Filter>Source Files</Filter>
    </ClCompile>
    <ClCompile Include="Crustaceans.cpp">
      <Filter>Source Files</Filter>
    </ClCompile>
    <ClCompile Include="Chesapeake_Blue_Crab.cpp">
      <Filter>Source Files</Filter>
    </ClCompile>
    <ClCompile Include="Japanese_Spider_Crab.cpp">
      <Filter>Source Files</Filter>
    </ClCompile>
    <ClCompile Include="American_Lobster.cpp">
      <Filter>Source Files</Filter>
    </ClCompile>
    <ClCompile Include="Arachnids.cpp">
      <Filter>Source Files</Filter>
    </ClCompile>
    <ClCompile Include="Deer_Tick.cpp">
      <Filter>Source Files</Filter>
    </ClCompile>
    <ClCompile Include="Southern_Black_Widow.cpp">
      <Filter>Source Files</Filter>
    </ClCompile>
    <ClCompile Include="Giant_Vinegaroon.cpp">
      <Filter>Source Files</Filter>
    </ClCompile>
    <ClCompile Include="Fish.cpp">
      <Filter>Source Files</Filter>
    </ClCompile>
    <ClCompile Include="Siamese_Fighting_Fish.cpp">
      <Filter>Source Files</Filter>
    </ClCompile>
    <ClCompile Include="Guppy.cpp">
      <Filter>Source Files</Filter>
    </ClCompile>
    <ClCompile Include="Nile_Tilapia.cpp">
      <Filter>Source Files</Filter>
    </ClCompile>
    <ClCompile Include="Amphibians.cpp">
      <Filter>Source Files</Filter>
    </ClCompile>
    <ClCompile Include="American_Bullfrog.cpp">
      <Filter>Source Files</Filter>
    </ClCompile>
    <ClCompile Include="Eastern_Newt.cpp">
      <Filter>Source Files</Filter>
    </ClCompile>
    <ClCompile Include="Wood_Frog.cpp">
      <Filter>Source Files</Filter>
    </ClCompile>
    <ClCompile Include="Birds.cpp">
      <Filter>Source Files</Filter>
    </ClCompile>
    <ClCompile Include="`Bald_Eagle.cpp">
      <Filter>Source Files</Filter>
    </ClCompile>
    <ClCompile Include="Osprey.cpp">
      <Filter>Source Files</Filter>
    </ClCompile>
    <ClCompile Include="House_Sparrow.cpp">
      <Filter>Source Files</Filter>
    </ClCompile>
    <ClCompile Include="Reptiles.cpp">
      <Filter>Source Files</Filter>
    </ClCompile>
    <ClCompile Include="Milk_Snake.cpp">
      <Filter>Source Files</Filter>
    </ClCompile>
    <ClCompile Include="RingNecked_Snake.cpp">
      <Filter>Source Files</Filter>
    </ClCompile>
    <ClCompile Include="LoggerHead_Sea_Turtle.cpp">
      <Filter>Source Files</Filter>
    </ClCompile>
    <ClCompile Include="Mammals.cpp">
      <Filter>Source Files</Filter>
    </ClCompile>
    <ClCompile Include="Human.cpp">
      <Filter>Source Files</Filter>
    </ClCompile>
    <ClCompile Include="Wolf.cpp">
      <Filter>Source Files</Filter>
    </ClCompile>
    <ClCompile Include="Red_Fox.cpp">
      <Filter>Source Files</Filter>
    </ClCompile>
    <ClCompile Include="Protista.cpp">
      <Filter>Source Files</Filter>
    </ClCompile>
    <ClCompile Include="Grean_Algae.cpp">
      <Filter>Source Files</Filter>
    </ClCompile>
    <ClCompile Include="Sea_Lettuce.cpp">
      <Filter>Source Files</Filter>
    </ClCompile>
    <ClCompile Include="Marimo.cpp">
      <Filter>Source Files</Filter>
    </ClCompile>
    <ClCompile Include="Dead_Mans_Fingers.cpp">
      <Filter>Source Files</Filter>
    </ClCompile>
    <ClCompile Include="Brown_Algae.cpp">
      <Filter>Source Files</Filter>
    </ClCompile>
    <ClCompile Include="Giant_Kelp.cpp">
      <Filter>Source Files</Filter>
    </ClCompile>
    <ClCompile Include="Kombu.cpp">
      <Filter>Source Files</Filter>
    </ClCompile>
    <ClCompile Include="Wakame.cpp">
      <Filter>Source Files</Filter>
    </ClCompile>
    <ClCompile Include="Red_Algae.cpp">
      <Filter>Source Files</Filter>
    </ClCompile>
    <ClCompile Include="Irish_Moss.cpp">
      <Filter>Source Files</Filter>
    </ClCompile>
    <ClCompile Include="Dulse.cpp">
      <Filter>Source Files</Filter>
    </ClCompile>
    <ClCompile Include="Porphyra_Purpurea.cpp">
      <Filter>Source Files</Filter>
    </ClCompile>
    <ClCompile Include="Ciliated_Protozoa.cpp">
      <Filter>Source Files</Filter>
    </ClCompile>
    <ClCompile Include="Balantidium.cpp">
      <Filter>Source Files</Filter>
    </ClCompile>
    <ClCompile Include="Colpoda.cpp">
      <Filter>Source Files</Filter>
    </ClCompile>
    <ClCompile Include="Coleps.cpp">
      <Filter>Source Files</Filter>
    </ClCompile>
    <ClCompile Include="Flagellated_Protozoa.cpp">
      <Filter>Source Files</Filter>
    </ClCompile>
    <ClCompile Include="Trypanosoma_Gambiense.cpp">
      <Filter>Source Files</Filter>
    </ClCompile>
    <ClCompile Include="Trypansoma_Rhodesiense.cpp">
      <Filter>Source Files</Filter>
    </ClCompile>
    <ClCompile Include="Trypanosoma_Cruzi.cpp">
      <Filter>Source Files</Filter>
    </ClCompile>
    <ClCompile Include="Amoeboid_Protozoa.cpp">
      <Filter>Source Files</Filter>
    </ClCompile>
    <ClCompile Include="Amoeba.cpp">
      <Filter>Source Files</Filter>
    </ClCompile>
    <ClCompile Include="Entamoeba.cpp">
      <Filter>Source Files</Filter>
    </ClCompile>
    <ClCompile Include="Sporozoa.cpp">
      <Filter>Source Files</Filter>
    </ClCompile>
    <ClCompile Include="Monera.cpp">
      <Filter>Source Files</Filter>
    </ClCompile>
    <ClCompile Include="Archaebacteria.cpp">
      <Filter>Source Files</Filter>
    </ClCompile>
    <ClCompile Include="Methanogens.cpp">
      <Filter>Source Files</Filter>
    </ClCompile>
    <ClCompile Include="Halophiles.cpp">
      <Filter>Source Files</Filter>
    </ClCompile>
    <ClCompile Include="Thermophiles.cpp">
      <Filter>Source Files</Filter>
    </ClCompile>
    <ClCompile Include="Eubacteria.cpp">
      <Filter>Source Files</Filter>
    </ClCompile>
    <ClCompile Include="Spirilla.cpp">
      <Filter>Source Files</Filter>
    </ClCompile>
    <ClCompile Include="Bacilli.cpp">
      <Filter>Source Files</Filter>
    </ClCompile>
    <ClCompile Include="Cocci.cpp">
      <Filter>Source Files</Filter>
    </ClCompile>
  </ItemGroup>
  <ItemGroup>
    <ClInclude Include="LivingThing.h">
      <Filter>Header Files</Filter>
    </ClInclude>
    <ClInclude Include="Fungi.h">
      <Filter>Header Files</Filter>
    </ClInclude>
    <ClInclude Include="Basidiomycetes.h">
      <Filter>Header Files</Filter>
    </ClInclude>
    <ClInclude Include="Ascomycetes.h">
      <Filter>Header Files</Filter>
    </ClInclude>
    <ClInclude Include="Asycomycota.h">
      <Filter>Header Files</Filter>
    </ClInclude>
    <ClInclude Include="Saccharomycotina.h">
      <Filter>Header Files</Filter>
    </ClInclude>
    <ClInclude Include="Taphrinomycotina.h">
      <Filter>Header Files</Filter>
    </ClInclude>
    <ClInclude Include="Mushroom.h">
      <Filter>Header Files</Filter>
    </ClInclude>
    <ClInclude Include="Coral.h">
      <Filter>Header Files</Filter>
    </ClInclude>
    <ClInclude Include="Crusts.h">
      <Filter>Header Files</Filter>
    </ClInclude>
    <ClInclude Include="Plant.h">
      <Filter>Header Files</Filter>
    </ClInclude>
    <ClInclude Include="Equiseta.h">
      <Filter>Header Files</Filter>
    </ClInclude>
    <ClInclude Include="Field_Horsetail.h">
      <Filter>Header Files</Filter>
    </ClInclude>
    <ClInclude Include="Dwarf_Scouring_Rush.h">
      <Filter>Header Files</Filter>
    </ClInclude>
    <ClInclude Include="Wood_Horsetail.h">
      <Filter>Header Files</Filter>
    </ClInclude>
    <ClInclude Include="Lycopodia.h">
      <Filter>Header Files</Filter>
    </ClInclude>
    <ClInclude Include="StagsHorn_Clubmoss.h">
      <Filter>Header Files</Filter>
    </ClInclude>
    <ClInclude Include="Fan_Clubmoss.h">
      <Filter>Header Files</Filter>
    </ClInclude>
    <ClInclude Include="Huperzia_Selago.h">
      <Filter>Header Files</Filter>
    </ClInclude>
    <ClInclude Include="Gymnosperms.h">
      <Filter>Header Files</Filter>
    </ClInclude>
    <ClInclude Include="Sago_Palm.h">
      <Filter>Header Files</Filter>
    </ClInclude>
    <ClInclude Include="English_Yew.h">
      <Filter>Header Files</Filter>
    </ClInclude>
    <ClInclude Include="Blue_Spruce.h">
      <Filter>Header Files</Filter>
    </ClInclude>
    <ClInclude Include="Angiosperms.h">
      <Filter>Header Files</Filter>
    </ClInclude>
    <ClInclude Include="Maize.h">
      <Filter>Header Files</Filter>
    </ClInclude>
    <ClInclude Include="Tomato.h">
      <Filter>Header Files</Filter>
    </ClInclude>
    <ClInclude Include="Peach.h">
      <Filter>Header Files</Filter>
    </ClInclude>
    <ClInclude Include="Ferns.h">
      <Filter>Header Files</Filter>
    </ClInclude>
    <ClInclude Include="Lady_Fern.h">
      <Filter>Header Files</Filter>
    </ClInclude>
    <ClInclude Include="Eagle_Fern.h">
      <Filter>Header Files</Filter>
    </ClInclude>
    <ClInclude Include="Ostrich_Fern.h">
      <Filter>Header Files</Filter>
    </ClInclude>
    <ClInclude Include="Mosses.h">
      <Filter>Header Files</Filter>
    </ClInclude>
    <ClInclude Include="Pincushion_Moss.h">
      <Filter>Header Files</Filter>
    </ClInclude>
    <ClInclude Include="Silvery_Bryum.h">
      <Filter>Header Files</Filter>
    </ClInclude>
    <ClInclude Include="Juniper_Haircap_Moss.h">
      <Filter>Header Files</Filter>
    </ClInclude>
    <ClInclude Include="Animal.h">
      <Filter>Header Files</Filter>
    </ClInclude>
    <ClInclude Include="Porifera.h">
      <Filter>Header Files</Filter>
    </ClInclude>
    <ClInclude Include="Demosponge.h">
      <Filter>Header Files</Filter>
    </ClInclude>
    <ClInclude Include="Axinella.h">
      <Filter>Header Files</Filter>
    </ClInclude>
    <ClInclude Include="Giant_Barrel_Sponge.h">
      <Filter>Header Files</Filter>
    </ClInclude>
    <ClInclude Include="Cnidaria.h">
      <Filter>Header Files</Filter>
    </ClInclude>
    <ClInclude Include="Box_Jellyfish.h">
      <Filter>Header Files</Filter>
    </ClInclude>
    <ClInclude Include="Sea_Pen.h">
      <Filter>Header Files</Filter>
    </ClInclude>
    <ClInclude Include="Moon_Jelly.h">
      <Filter>Header Files</Filter>
    </ClInclude>
    <ClInclude Include="Platyhelminthes.h">
      <Filter>Header Files</Filter>
    </ClInclude>
    <ClInclude Include="Turbellaria.h">
      <Filter>Header Files</Filter>
    </ClInclude>
    <ClInclude Include="Echinococcus.h">
      <Filter>Header Files</Filter>
    </ClInclude>
    <ClInclude Include="Paragonimus.h">
      <Filter>Header Files</Filter>
    </ClInclude>
    <ClInclude Include="Molluscs.h">
      <Filter>Header Files</Filter>
    </ClInclude>
    <ClInclude Include="Chitons.h">
      <Filter>Header Files</Filter>
    </ClInclude>
    <ClInclude Include="Octopus.h">
      <Filter>Header Files</Filter>
    </ClInclude>
    <ClInclude Include="New_Zealand_Mud_Snail.h">
      <Filter>Header Files</Filter>
    </ClInclude>
    <ClInclude Include="Annelids.h">
      <Filter>Header Files</Filter>
    </ClInclude>
    <ClInclude Include="Clitellata.h">
      <Filter>Header Files</Filter>
    </ClInclude>
    <ClInclude Include="Nereididae.h">
      <Filter>Header Files</Filter>
    </ClInclude>
    <ClInclude Include="Medicinal_Leech.h">
      <Filter>Header Files</Filter>
    </ClInclude>
    <ClInclude Include="Echinoderms.h">
      <Filter>Header Files</Filter>
    </ClInclude>
    <ClInclude Include="Giant_Sea_Star.h">
      <Filter>Header Files</Filter>
    </ClInclude>
    <ClInclude Include="Red_Sea_Urchin.h">
      <Filter>Header Files</Filter>
    </ClInclude>
    <ClInclude Include="Blue_Sea_Star.h">
      <Filter>Header Files</Filter>
    </ClInclude>
    <ClInclude Include="Insects.h">
      <Filter>Header Files</Filter>
    </ClInclude>
    <ClInclude Include="Fruit_Fly.h">
      <Filter>Header Files</Filter>
    </ClInclude>
    <ClInclude Include="Housefly.h">
      <Filter>Header Files</Filter>
    </ClInclude>
    <ClInclude Include="Western_Honey_Bee.h">
      <Filter>Header Files</Filter>
    </ClInclude>
    <ClInclude Include="Crustaceans.h">
      <Filter>Header Files</Filter>
    </ClInclude>
    <ClInclude Include="Chesapeake_Blue_Crab.h">
      <Filter>Header Files</Filter>
    </ClInclude>
    <ClInclude Include="Japanese_Spider_Crab.h">
      <Filter>Header Files</Filter>
    </ClInclude>
    <ClInclude Include="American_Lobster.h">
      <Filter>Header Files</Filter>
    </ClInclude>
    <ClInclude Include="Arachnids.h">
      <Filter>Header Files</Filter>
    </ClInclude>
    <ClInclude Include="Deer_Tick.h">
      <Filter>Header Files</Filter>
    </ClInclude>
    <ClInclude Include="Southern_Black_Widow.h">
      <Filter>Header Files</Filter>
    </ClInclude>
    <ClInclude Include="Giant_Vinegaroon.h">
      <Filter>Header Files</Filter>
    </ClInclude>
    <ClInclude Include="Fish.h">
      <Filter>Header Files</Filter>
    </ClInclude>
    <ClInclude Include="Siamese_Fighting_Fish.h">
      <Filter>Header Files</Filter>
    </ClInclude>
    <ClInclude Include="Guppy.h">
      <Filter>Header Files</Filter>
    </ClInclude>
    <ClInclude Include="Nile_Tilapia.h">
      <Filter>Header Files</Filter>
    </ClInclude>
    <ClInclude Include="Amphibians.h">
      <Filter>Header Files</Filter>
    </ClInclude>
    <ClInclude Include="American_Bullfrog.h">
      <Filter>Header Files</Filter>
    </ClInclude>
    <ClInclude Include="Eastern_Newt.h">
      <Filter>Header Files</Filter>
    </ClInclude>
    <ClInclude Include="Wood_Frog.h">
      <Filter>Header Files</Filter>
    </ClInclude>
    <ClInclude Include="Birds.h">
      <Filter>Header Files</Filter>
    </ClInclude>
    <ClInclude Include="Bald_Eagle.h">
      <Filter>Header Files</Filter>
    </ClInclude>
    <ClInclude Include="Osprey.h">
      <Filter>Header Files</Filter>
    </ClInclude>
    <ClInclude Include="House_Sparrow.h">
      <Filter>Header Files</Filter>
    </ClInclude>
    <ClInclude Include="Reptiles.h">
      <Filter>Header Files</Filter>
    </ClInclude>
    <ClInclude Include="Milk_Snake.h">
      <Filter>Header Files</Filter>
    </ClInclude>
    <ClInclude Include="RingNecked_Snake.h">
      <Filter>Header Files</Filter>
    </ClInclude>
    <ClInclude Include="LoggerHead_Sea_Turtle.h">
      <Filter>Header Files</Filter>
    </ClInclude>
    <ClInclude Include="Mammals.h">
      <Filter>Header Files</Filter>
    </ClInclude>
    <ClInclude Include="Human.h">
      <Filter>Header Files</Filter>
    </ClInclude>
    <ClInclude Include="Wolf.h">
      <Filter>Header Files</Filter>
    </ClInclude>
    <ClInclude Include="Red_Fox.h">
      <Filter>Header Files</Filter>
    </ClInclude>
    <ClInclude Include="Protista.h">
      <Filter>Header Files</Filter>
    </ClInclude>
    <ClInclude Include="Grean_Algae.h">
      <Filter>Header Files</Filter>
    </ClInclude>
    <ClInclude Include="Sea_Lettuce.h">
      <Filter>Header Files</Filter>
    </ClInclude>
    <ClInclude Include="Marimo.h">
      <Filter>Header Files</Filter>
    </ClInclude>
    <ClInclude Include="Dead_Mans_Fingers.h">
      <Filter>Header Files</Filter>
    </ClInclude>
    <ClInclude Include="Brown_Algae.h">
      <Filter>Header Files</Filter>
    </ClInclude>
    <ClInclude Include="Giant_Kelp.h">
      <Filter>Header Files</Filter>
    </ClInclude>
    <ClInclude Include="Kombu.h">
      <Filter>Header Files</Filter>
    </ClInclude>
    <ClInclude Include="Wakame.h">
      <Filter>Header Files</Filter>
    </ClInclude>
    <ClInclude Include="Red_Algae.h">
      <Filter>Header Files</Filter>
    </ClInclude>
    <ClInclude Include="Irish_Moss.h">
      <Filter>Header Files</Filter>
    </ClInclude>
    <ClInclude Include="Dulse.h">
      <Filter>Header Files</Filter>
    </ClInclude>
    <ClInclude Include="Porphyra_Purpurea.h">
      <Filter>Header Files</Filter>
    </ClInclude>
    <ClInclude Include="Ciliated_Protozoa.h">
      <Filter>Header Files</Filter>
    </ClInclude>
    <ClInclude Include="Balantidium.h">
      <Filter>Header Files</Filter>
    </ClInclude>
    <ClInclude Include="Colpoda.h">
      <Filter>Header Files</Filter>
    </ClInclude>
    <ClInclude Include="Coleps.h">
      <Filter>Header Files</Filter>
    </ClInclude>
    <ClInclude Include="Flagellated_Protozoa.h">
      <Filter>Header Files</Filter>
    </ClInclude>
    <ClInclude Include="Trypanosoma_Gambiense.h">
      <Filter>Header Files</Filter>
    </ClInclude>
    <ClInclude Include="Trypansoma_Rhodesiense.h">
      <Filter>Header Files</Filter>
    </ClInclude>
    <ClInclude Include="Trypanosoma_Cruzi.h">
      <Filter>Header Files</Filter>
    </ClInclude>
    <ClInclude Include="Amoeboid_Protozoa.h">
      <Filter>Header Files</Filter>
    </ClInclude>
    <ClInclude Include="Amoeba.h">
      <Filter>Header Files</Filter>
    </ClInclude>
    <ClInclude Include="Entamoeba.h">
      <Filter>Header Files</Filter>
    </ClInclude>
    <ClInclude Include="Sporozoa.h">
      <Filter>Header Files</Filter>
    </ClInclude>
    <ClInclude Include="Monera.h">
      <Filter>Header Files</Filter>
    </ClInclude>
    <ClInclude Include="Archaebacteria.h">
      <Filter>Header Files</Filter>
    </ClInclude>
    <ClInclude Include="Methanogens.h">
      <Filter>Header Files</Filter>
    </ClInclude>
    <ClInclude Include="Halophiles.h">
      <Filter>Header Files</Filter>
    </ClInclude>
    <ClInclude Include="Thermophiles.h">
      <Filter>Header Files</Filter>
    </ClInclude>
    <ClInclude Include="Eubacteria.h">
      <Filter>Header Files</Filter>
    </ClInclude>
    <ClInclude Include="Spirilla.h">
      <Filter>Header Files</Filter>
    </ClInclude>
    <ClInclude Include="Bacilli.h">
      <Filter>Header Files</Filter>
    </ClInclude>
    <ClInclude Include="Cocci.h">
      <Filter>Header Files</Filter>
    </ClInclude>
  </ItemGroup>
</Project>